
Microsoft Visual Studio Solution File, Format Version 12.00
# Visual Studio Version 16
VisualStudioVersion = 16.0.31313.79
MinimumVisualStudioVersion = 10.0.40219.1
Project("{FAE04EC0-301F-11D3-BF4B-00C04F79EFBC}") = "DevTraining.App", "src\DevTraining.App\DevTraining.App.csproj", "{F35CF0BA-BEA2-4CAB-AB36-B5184C47B8A3}"
EndProject
Project("{FAE04EC0-301F-11D3-BF4B-00C04F79EFBC}") = "DevTraining.Business", "src\DevTraining.Business\DevTraining.Business.csproj", "{AF372D2D-BA99-4E50-BEC3-C9FAB09CBA03}"
EndProject
Project("{FAE04EC0-301F-11D3-BF4B-00C04F79EFBC}") = "DevTraining.Data", "src\DevTraining.Data\DevTraining.Data.csproj", "{573EC262-252B-4504-B9AD-594A82023A57}"
EndProject
Global
	GlobalSection(SolutionConfigurationPlatforms) = preSolution
		Debug|Any CPU = Debug|Any CPU
		Release|Any CPU = Release|Any CPU
	EndGlobalSection
	GlobalSection(ProjectConfigurationPlatforms) = postSolution
		{F35CF0BA-BEA2-4CAB-AB36-B5184C47B8A3}.Debug|Any CPU.ActiveCfg = Debug|Any CPU
		{F35CF0BA-BEA2-4CAB-AB36-B5184C47B8A3}.Debug|Any CPU.Build.0 = Debug|Any CPU
		{F35CF0BA-BEA2-4CAB-AB36-B5184C47B8A3}.Release|Any CPU.ActiveCfg = Release|Any CPU
		{F35CF0BA-BEA2-4CAB-AB36-B5184C47B8A3}.Release|Any CPU.Build.0 = Release|Any CPU
		{AF372D2D-BA99-4E50-BEC3-C9FAB09CBA03}.Debug|Any CPU.ActiveCfg = Debug|Any CPU
		{AF372D2D-BA99-4E50-BEC3-C9FAB09CBA03}.Debug|Any CPU.Build.0 = Debug|Any CPU
		{AF372D2D-BA99-4E50-BEC3-C9FAB09CBA03}.Release|Any CPU.ActiveCfg = Release|Any CPU
		{AF372D2D-BA99-4E50-BEC3-C9FAB09CBA03}.Release|Any CPU.Build.0 = Release|Any CPU
		{573EC262-252B-4504-B9AD-594A82023A57}.Debug|Any CPU.ActiveCfg = Debug|Any CPU
		{573EC262-252B-4504-B9AD-594A82023A57}.Debug|Any CPU.Build.0 = Debug|Any CPU
		{573EC262-252B-4504-B9AD-594A82023A57}.Release|Any CPU.ActiveCfg = Release|Any CPU
		{573EC262-252B-4504-B9AD-594A82023A57}.Release|Any CPU.Build.0 = Release|Any CPU
	EndGlobalSection
	GlobalSection(SolutionProperties) = preSolution
		HideSolutionNode = FALSE
	EndGlobalSection
	GlobalSection(ExtensibilityGlobals) = postSolution
		SolutionGuid = {6DBEF468-52BD-4EFB-BE31-7342E359BEEB}
	EndGlobalSection
EndGlobal
